
Microsoft Visual Studio Solution File, Format Version 12.00
# Visual Studio Version 17
VisualStudioVersion = 17.5.002.0
MinimumVisualStudioVersion = 10.0.40219.1
Project("{9A19103F-16F7-4668-BE54-9A1E7A4F7556}") = "Day4Part2", "Day4Part2.csproj", "{45C19C1C-9BB9-4C2C-96F0-DF6FF1BBA2DC}"
EndProject
Global
	GlobalSection(SolutionConfigurationPlatforms) = preSolution
		Debug|Any CPU = Debug|Any CPU
		Release|Any CPU = Release|Any CPU
	EndGlobalSection
	GlobalSection(ProjectConfigurationPlatforms) = postSolution
		{45C19C1C-9BB9-4C2C-96F0-DF6FF1BBA2DC}.Debug|Any CPU.ActiveCfg = Debug|Any CPU
		{45C19C1C-9BB9-4C2C-96F0-DF6FF1BBA2DC}.Debug|Any CPU.Build.0 = Debug|Any CPU
		{45C19C1C-9BB9-4C2C-96F0-DF6FF1BBA2DC}.Release|Any CPU.ActiveCfg = Release|Any CPU
		{45C19C1C-9BB9-4C2C-96F0-DF6FF1BBA2DC}.Release|Any CPU.Build.0 = Release|Any CPU
	EndGlobalSection
	GlobalSection(SolutionProperties) = preSolution
		HideSolutionNode = FALSE
	EndGlobalSection
	GlobalSection(ExtensibilityGlobals) = postSolution
		SolutionGuid = {E77608BA-25F3-42E7-9EFA-AD716E76984A}
	EndGlobalSection
EndGlobal
